// !$*UTF8*$!
{
	archiveVersion = 1;
	classes = {
	};
	objectVersion = 46;
	objects = {

/* Begin PBXBuildFile section */
		B75943631A36E82F0006A1F6 /* main.m in Sources */ = {isa = PBXBuildFile; fileRef = B75943621A36E82F0006A1F6 /* main.m */; };
		B75943661A36E82F0006A1F6 /* AppDelegate.m in Sources */ = {isa = PBXBuildFile; fileRef = B75943651A36E82F0006A1F6 /* AppDelegate.m */; };
		B75943691A36E8300006A1F6 /* FirstViewController.m in Sources */ = {isa = PBXBuildFile; fileRef = B75943681A36E8300006A1F6 /* FirstViewController.m */; };
		B759436C1A36E8300006A1F6 /* SecondViewController.m in Sources */ = {isa = PBXBuildFile; fileRef = B759436B1A36E8300006A1F6 /* SecondViewController.m */; };
		B759436F1A36E8300006A1F6 /* Main.storyboard in Resources */ = {isa = PBXBuildFile; fileRef = B759436D1A36E8300006A1F6 /* Main.storyboard */; };
		B75943711A36E8300006A1F6 /* Images.xcassets in Resources */ = {isa = PBXBuildFile; fileRef = B75943701A36E8300006A1F6 /* Images.xcassets */; };
		B75943741A36E8300006A1F6 /* LaunchScreen.xib in Resources */ = {isa = PBXBuildFile; fileRef = B75943721A36E8300006A1F6 /* LaunchScreen.xib */; };
		B75943801A36E8300006A1F6 /* JuiceSyncTests.m in Sources */ = {isa = PBXBuildFile; fileRef = B759437F1A36E8300006A1F6 /* JuiceSyncTests.m */; };
/* End PBXBuildFile section */

/* Begin PBXContainerItemProxy section */
		B759437A1A36E8300006A1F6 /* PBXContainerItemProxy */ = {
			isa = PBXContainerItemProxy;
			containerPortal = B75943551A36E82F0006A1F6 /* Project object */;
			proxyType = 1;
			remoteGlobalIDString = B759435C1A36E82F0006A1F6;
			remoteInfo = JuiceSync;
		};
/* End PBXContainerItemProxy section */

/* Begin PBXFileReference section */
		B759435D1A36E82F0006A1F6 /* JuiceSync.app */ = {isa = PBXFileReference; explicitFileType = wrapper.application; includeInIndex = 0; path = JuiceSync.app; sourceTree = BUILT_PRODUCTS_DIR; };
		B75943611A36E82F0006A1F6 /* Info.plist */ = {isa = PBXFileReference; lastKnownFileType = text.plist.xml; path = Info.plist; sourceTree = "<group>"; };
		B75943621A36E82F0006A1F6 /* main.m */ = {isa = PBXFileReference; lastKnownFileType = sourcecode.c.objc; path = main.m; sourceTree = "<group>"; };
		B75943641A36E82F0006A1F6 /* AppDelegate.h */ = {isa = PBXFileReference; lastKnownFileType = sourcecode.c.h; path = AppDelegate.h; sourceTree = "<group>"; };
		B75943651A36E82F0006A1F6 /* AppDelegate.m */ = {isa = PBXFileReference; lastKnownFileType = sourcecode.c.objc; path = AppDelegate.m; sourceTree = "<group>"; };
		B75943671A36E82F0006A1F6 /* FirstViewController.h */ = {isa = PBXFileReference; lastKnownFileType = sourcecode.c.h; path = FirstViewController.h; sourceTree = "<group>"; };
		B75943681A36E8300006A1F6 /* FirstViewController.m */ = {isa = PBXFileReference; lastKnownFileType = sourcecode.c.objc; path = FirstViewController.m; sourceTree = "<group>"; };
		B759436A1A36E8300006A1F6 /* SecondViewController.h */ = {isa = PBXFileReference; lastKnownFileType = sourcecode.c.h; path = SecondViewController.h; sourceTree = "<group>"; };
		B759436B1A36E8300006A1F6 /* SecondViewController.m */ = {isa = PBXFileReference; lastKnownFileType = sourcecode.c.objc; path = SecondViewController.m; sourceTree = "<group>"; };
		B759436E1A36E8300006A1F6 /* Base */ = {isa = PBXFileReference; lastKnownFileType = file.storyboard; name = Base; path = Base.lproj/Main.storyboard; sourceTree = "<group>"; };
		B75943701A36E8300006A1F6 /* Images.xcassets */ = {isa = PBXFileReference; lastKnownFileType = folder.assetcatalog; path = Images.xcassets; sourceTree = "<group>"; };
		B75943731A36E8300006A1F6 /* Base */ = {isa = PBXFileReference; lastKnownFileType = file.xib; name = Base; path = Base.lproj/LaunchScreen.xib; sourceTree = "<group>"; };
		B75943791A36E8300006A1F6 /* JuiceSyncTests.xctest */ = {isa = PBXFileReference; explicitFileType = wrapper.cfbundle; includeInIndex = 0; path = JuiceSyncTests.xctest; sourceTree = BUILT_PRODUCTS_DIR; };
		B759437E1A36E8300006A1F6 /* Info.plist */ = {isa = PBXFileReference; lastKnownFileType = text.plist.xml; path = Info.plist; sourceTree = "<group>"; };
		B759437F1A36E8300006A1F6 /* JuiceSyncTests.m */ = {isa = PBXFileReference; lastKnownFileType = sourcecode.c.objc; path = JuiceSyncTests.m; sourceTree = "<group>"; };
/* End PBXFileReference section */

/* Begin PBXFrameworksBuildPhase section */
		B759435A1A36E82F0006A1F6 /* Frameworks */ = {
			isa = PBXFrameworksBuildPhase;
			buildActionMask = 2147483647;
			files = (
			);
			runOnlyForDeploymentPostprocessing = 0;
		};
		B75943761A36E8300006A1F6 /* Frameworks */ = {
			isa = PBXFrameworksBuildPhase;
			buildActionMask = 2147483647;
			files = (
			);
			runOnlyForDeploymentPostprocessing = 0;
		};
/* End PBXFrameworksBuildPhase section */

/* Begin PBXGroup section */
		B75943541A36E82F0006A1F6 = {
			isa = PBXGroup;
			children = (
				B759435F1A36E82F0006A1F6 /* JuiceSync */,
				B759437C1A36E8300006A1F6 /* JuiceSyncTests */,
				B759435E1A36E82F0006A1F6 /* Products */,
			);
			sourceTree = "<group>";
		};
		B759435E1A36E82F0006A1F6 /* Products */ = {
			isa = PBXGroup;
			children = (
				B759435D1A36E82F0006A1F6 /* JuiceSync.app */,
				B75943791A36E8300006A1F6 /* JuiceSyncTests.xctest */,
			);
			name = Products;
			sourceTree = "<group>";
		};
		B759435F1A36E82F0006A1F6 /* JuiceSync */ = {
			isa = PBXGroup;
			children = (
				B75943641A36E82F0006A1F6 /* AppDelegate.h */,
				B75943651A36E82F0006A1F6 /* AppDelegate.m */,
				B75943671A36E82F0006A1F6 /* FirstViewController.h */,
				B75943681A36E8300006A1F6 /* FirstViewController.m */,
				B759436A1A36E8300006A1F6 /* SecondViewController.h */,
				B759436B1A36E8300006A1F6 /* SecondViewController.m */,
				B759436D1A36E8300006A1F6 /* Main.storyboard */,
				B75943701A36E8300006A1F6 /* Images.xcassets */,
				B75943721A36E8300006A1F6 /* LaunchScreen.xib */,
				B75943601A36E82F0006A1F6 /* Supporting Files */,
			);
			path = JuiceSync;
			sourceTree = "<group>";
		};
		B75943601A36E82F0006A1F6 /* Supporting Files */ = {
			isa = PBXGroup;
			children = (
				B75943611A36E82F0006A1F6 /* Info.plist */,
				B75943621A36E82F0006A1F6 /* main.m */,
			);
			name = "Supporting Files";
			sourceTree = "<group>";
		};
		B759437C1A36E8300006A1F6 /* JuiceSyncTests */ = {
			isa = PBXGroup;
			children = (
				B759437F1A36E8300006A1F6 /* JuiceSyncTests.m */,
				B759437D1A36E8300006A1F6 /* Supporting Files */,
			);
			path = JuiceSyncTests;
			sourceTree = "<group>";
		};
		B759437D1A36E8300006A1F6 /* Supporting Files */ = {
			isa = PBXGroup;
			children = (
				B759437E1A36E8300006A1F6 /* Info.plist */,
			);
			name = "Supporting Files";
			sourceTree = "<group>";
		};
/* End PBXGroup section */

/* Begin PBXNativeTarget section */
		B759435C1A36E82F0006A1F6 /* JuiceSync */ = {
			isa = PBXNativeTarget;
			buildConfigurationList = B75943831A36E8300006A1F6 /* Build configuration list for PBXNativeTarget "JuiceSync" */;
			buildPhases = (
				B75943591A36E82F0006A1F6 /* Sources */,
				B759435A1A36E82F0006A1F6 /* Frameworks */,
				B759435B1A36E82F0006A1F6 /* Resources */,
			);
			buildRules = (
			);
			dependencies = (
			);
			name = JuiceSync;
			productName = JuiceSync;
			productReference = B759435D1A36E82F0006A1F6 /* JuiceSync.app */;
			productType = "com.apple.product-type.application";
		};
		B75943781A36E8300006A1F6 /* JuiceSyncTests */ = {
			isa = PBXNativeTarget;
			buildConfigurationList = B75943861A36E8300006A1F6 /* Build configuration list for PBXNativeTarget "JuiceSyncTests" */;
			buildPhases = (
				B75943751A36E8300006A1F6 /* Sources */,
				B75943761A36E8300006A1F6 /* Frameworks */,
				B75943771A36E8300006A1F6 /* Resources */,
			);
			buildRules = (
			);
			dependencies = (
				B759437B1A36E8300006A1F6 /* PBXTargetDependency */,
			);
			name = JuiceSyncTests;
			productName = JuiceSyncTests;
			productReference = B75943791A36E8300006A1F6 /* JuiceSyncTests.xctest */;
			productType = "com.apple.product-type.bundle.unit-test";
		};
/* End PBXNativeTarget section */

/* Begin PBXProject section */
		B75943551A36E82F0006A1F6 /* Project object */ = {
			isa = PBXProject;
			attributes = {
				LastUpgradeCheck = 0610;
				ORGANIZATIONNAME = Mipow;
				TargetAttributes = {
					B759435C1A36E82F0006A1F6 = {
						CreatedOnToolsVersion = 6.1;
					};
					B75943781A36E8300006A1F6 = {
						CreatedOnToolsVersion = 6.1;
						TestTargetID = B759435C1A36E82F0006A1F6;
					};
				};
			};
			buildConfigurationList = B75943581A36E82F0006A1F6 /* Build configuration list for PBXProject "JuiceSync" */;
			compatibilityVersion = "Xcode 3.2";
			developmentRegion = English;
			hasScannedForEncodings = 0;
			knownRegions = (
				en,
				Base,
			);
			mainGroup = B75943541A36E82F0006A1F6;
			productRefGroup = B759435E1A36E82F0006A1F6 /* Products */;
			projectDirPath = "";
			projectRoot = "";
			targets = (
				B759435C1A36E82F0006A1F6 /* JuiceSync */,
				B75943781A36E8300006A1F6 /* JuiceSyncTests */,
			);
		};
/* End PBXProject section */

/* Begin PBXResourcesBuildPhase section */
		B759435B1A36E82F0006A1F6 /* Resources */ = {
			isa = PBXResourcesBuildPhase;
			buildActionMask = 2147483647;
			files = (
				B759436F1A36E8300006A1F6 /* Main.storyboard in Resources */,
				B75943741A36E8300006A1F6 /* LaunchScreen.xib in Resources */,
				B75943711A36E8300006A1F6 /* Images.xcassets in Resources */,
			);
			runOnlyForDeploymentPostprocessing = 0;
		};
		B75943771A36E8300006A1F6 /* Resources */ = {
			isa = PBXResourcesBuildPhase;
			buildActionMask = 2147483647;
			files = (
			);
			runOnlyForDeploymentPostprocessing = 0;
		};
/* End PBXResourcesBuildPhase section */

/* Begin PBXSourcesBuildPhase section */
		B75943591A36E82F0006A1F6 /* Sources */ = {
			isa = PBXSourcesBuildPhase;
			buildActionMask = 2147483647;
			files = (
				B759436C1A36E8300006A1F6 /* SecondViewController.m in Sources */,
				B75943661A36E82F0006A1F6 /* AppDelegate.m in Sources */,
				B75943691A36E8300006A1F6 /* FirstViewController.m in Sources */,
				B75943631A36E82F0006A1F6 /* main.m in Sources */,
			);
			runOnlyForDeploymentPostprocessing = 0;
		};
		B75943751A36E8300006A1F6 /* Sources */ = {
			isa = PBXSourcesBuildPhase;
			buildActionMask = 2147483647;
			files = (
				B75943801A36E8300006A1F6 /* JuiceSyncTests.m in Sources */,
			);
			runOnlyForDeploymentPostprocessing = 0;
		};
/* End PBXSourcesBuildPhase section */

/* Begin PBXTargetDependency section */
		B759437B1A36E8300006A1F6 /* PBXTargetDependency */ = {
			isa = PBXTargetDependency;
			target = B759435C1A36E82F0006A1F6 /* JuiceSync */;
			targetProxy = B759437A1A36E8300006A1F6 /* PBXContainerItemProxy */;
		};
/* End PBXTargetDependency section */

/* Begin PBXVariantGroup section */
		B759436D1A36E8300006A1F6 /* Main.storyboard */ = {
			isa = PBXVariantGroup;
			children = (
				B759436E1A36E8300006A1F6 /* Base */,
			);
			name = Main.storyboard;
			sourceTree = "<group>";
		};
		B75943721A36E8300006A1F6 /* LaunchScreen.xib */ = {
			isa = PBXVariantGroup;
			children = (
				B75943731A36E8300006A1F6 /* Base */,
			);
			name = LaunchScreen.xib;
			sourceTree = "<group>";
		};
/* End PBXVariantGroup section */

/* Begin XCBuildConfiguration section */
		B75943811A36E8300006A1F6 /* Debug */ = {
			isa = XCBuildConfiguration;
			buildSettings = {
				ALWAYS_SEARCH_USER_PATHS = NO;
				CLANG_CXX_LANGUAGE_STANDARD = "gnu++0x";
				CLANG_CXX_LIBRARY = "libc++";
				CLANG_ENABLE_MODULES = YES;
				CLANG_ENABLE_OBJC_ARC = YES;
				CLANG_WARN_BOOL_CONVERSION = YES;
				CLANG_WARN_CONSTANT_CONVERSION = YES;
				CLANG_WARN_DIRECT_OBJC_ISA_USAGE = YES_ERROR;
				CLANG_WARN_EMPTY_BODY = YES;
				CLANG_WARN_ENUM_CONVERSION = YES;
				CLANG_WARN_INT_CONVERSION = YES;
				CLANG_WARN_OBJC_ROOT_CLASS = YES_ERROR;
				CLANG_WARN_UNREACHABLE_CODE = YES;
				CLANG_WARN__DUPLICATE_METHOD_MATCH = YES;
				"CODE_SIGN_IDENTITY[sdk=iphoneos*]" = "iPhone Developer";
				COPY_PHASE_STRIP = NO;
				ENABLE_STRICT_OBJC_MSGSEND = YES;
				GCC_C_LANGUAGE_STANDARD = gnu99;
				GCC_DYNAMIC_NO_PIC = NO;
				GCC_OPTIMIZATION_LEVEL = 0;
				GCC_PREPROCESSOR_DEFINITIONS = (
					"DEBUG=1",
					"$(inherited)",
				);
				GCC_SYMBOLS_PRIVATE_EXTERN = NO;
				GCC_WARN_64_TO_32_BIT_CONVERSION = YES;
				GCC_WARN_ABOUT_RETURN_TYPE = YES_ERROR;
				GCC_WARN_UNDECLARED_SELECTOR = YES;
				GCC_WARN_UNINITIALIZED_AUTOS = YES_AGGRESSIVE;
				GCC_WARN_UNUSED_FUNCTION = YES;
				GCC_WARN_UNUSED_VARIABLE = YES;
				IPHONEOS_DEPLOYMENT_TARGET = 8.1;
				MTL_ENABLE_DEBUG_INFO = YES;
				ONLY_ACTIVE_ARCH = YES;
				SDKROOT = iphoneos;
			};
			name = Debug;
		};
		B75943821A36E8300006A1F6 /* Release */ = {
			isa = XCBuildConfiguration;
			buildSettings = {
				ALWAYS_SEARCH_USER_PATHS = NO;
				CLANG_CXX_LANGUAGE_STANDARD = "gnu++0x";
				CLANG_CXX_LIBRARY = "libc++";
				CLANG_ENABLE_MODULES = YES;
				CLANG_ENABLE_OBJC_ARC = YES;
				CLANG_WARN_BOOL_CONVERSION = YES;
				CLANG_WARN_CONSTANT_CONVERSION = YES;
				CLANG_WARN_DIRECT_OBJC_ISA_USAGE = YES_ERROR;
				CLANG_WARN_EMPTY_BODY = YES;
				CLANG_WARN_ENUM_CONVERSION = YES;
				CLANG_WARN_INT_CONVERSION = YES;
				CLANG_WARN_OBJC_ROOT_CLASS = YES_ERROR;
				CLANG_WARN_UNREACHABLE_CODE = YES;
				CLANG_WARN__DUPLICATE_METHOD_MATCH = YES;
				"CODE_SIGN_IDENTITY[sdk=iphoneos*]" = "iPhone Developer";
				COPY_PHASE_STRIP = YES;
				ENABLE_NS_ASSERTIONS = NO;
				ENABLE_STRICT_OBJC_MSGSEND = YES;
				GCC_C_LANGUAGE_STANDARD = gnu99;
				GCC_WARN_64_TO_32_BIT_CONVERSION = YES;
				GCC_WARN_ABOUT_RETURN_TYPE = YES_ERROR;
				GCC_WARN_UNDECLARED_SELECTOR = YES;
				GCC_WARN_UNINITIALIZED_AUTOS = YES_AGGRESSIVE;
				GCC_WARN_UNUSED_FUNCTION = YES;
				GCC_WARN_UNUSED_VARIABLE = YES;
				IPHONEOS_DEPLOYMENT_TARGET = 8.1;
				MTL_ENABLE_DEBUG_INFO = NO;
				SDKROOT = iphoneos;
				VALIDATE_PRODUCT = YES;
			};
			name = Release;
		};
		B75943841A36E8300006A1F6 /* Debug */ = {
			isa = XCBuildConfiguration;
			buildSettings = {
				ASSETCATALOG_COMPILER_APPICON_NAME = AppIcon;
				INFOPLIST_FILE = JuiceSync/Info.plist;
				LD_RUNPATH_SEARCH_PATHS = "$(inherited) @executable_path/Frameworks";
				PRODUCT_NAME = "$(TARGET_NAME)";
			};
			name = Debug;
		};
		B75943851A36E8300006A1F6 /* Release */ = {
			isa = XCBuildConfiguration;
			buildSettings = {
				ASSETCATALOG_COMPILER_APPICON_NAME = AppIcon;
				INFOPLIST_FILE = JuiceSync/Info.plist;
				LD_RUNPATH_SEARCH_PATHS = "$(inherited) @executable_path/Frameworks";
				PRODUCT_NAME = "$(TARGET_NAME)";
			};
			name = Release;
		};
		B75943871A36E8300006A1F6 /* Debug */ = {
			isa = XCBuildConfiguration;
			buildSettings = {
				BUNDLE_LOADER = "$(TEST_HOST)";
				FRAMEWORK_SEARCH_PATHS = (
					"$(SDKROOT)/Developer/Library/Frameworks",
					"$(inherited)",
				);
				GCC_PREPROCESSOR_DEFINITIONS = (
					"DEBUG=1",
					"$(inherited)",
				);
				INFOPLIST_FILE = JuiceSyncTests/Info.plist;
				LD_RUNPATH_SEARCH_PATHS = "$(inherited) @executable_path/Frameworks @loader_path/Frameworks";
				PRODUCT_NAME = "$(TARGET_NAME)";
				TEST_HOST = "$(BUILT_PRODUCTS_DIR)/JuiceSync.app/JuiceSync";
			};
			name = Debug;
		};
		B75943881A36E8300006A1F6 /* Release */ = {
			isa = XCBuildConfiguration;
			buildSettings = {
				BUNDLE_LOADER = "$(TEST_HOST)";
				FRAMEWORK_SEARCH_PATHS = (
					"$(SDKROOT)/Developer/Library/Frameworks",
					"$(inherited)",
				);
				INFOPLIST_FILE = JuiceSyncTests/Info.plist;
				LD_RUNPATH_SEARCH_PATHS = "$(inherited) @executable_path/Frameworks @loader_path/Frameworks";
				PRODUCT_NAME = "$(TARGET_NAME)";
				TEST_HOST = "$(BUILT_PRODUCTS_DIR)/JuiceSync.app/JuiceSync";
			};
			name = Release;
		};
/* End XCBuildConfiguration section */

/* Begin XCConfigurationList section */
		B75943581A36E82F0006A1F6 /* Build configuration list for PBXProject "JuiceSync" */ = {
			isa = XCConfigurationList;
			buildConfigurations = (
				B75943811A36E8300006A1F6 /* Debug */,
				B75943821A36E8300006A1F6 /* Release */,
			);
			defaultConfigurationIsVisible = 0;
			defaultConfigurationName = Release;
		};
		B75943831A36E8300006A1F6 /* Build configuration list for PBXNativeTarget "JuiceSync" */ = {
			isa = XCConfigurationList;
			buildConfigurations = (
				B75943841A36E8300006A1F6 /* Debug */,
				B75943851A36E8300006A1F6 /* Release */,
			);
			defaultConfigurationIsVisible = 0;
		};
		B75943861A36E8300006A1F6 /* Build configuration list for PBXNativeTarget "JuiceSyncTests" */ = {
			isa = XCConfigurationList;
			buildConfigurations = (
				B75943871A36E8300006A1F6 /* Debug */,
				B75943881A36E8300006A1F6 /* Release */,
			);
			defaultConfigurationIsVisible = 0;
		};
/* End XCConfigurationList section */
	};
	rootObject = B75943551A36E82F0006A1F6 /* Project object */;
}
